// !$*UTF8*$!
{
	archiveVersion = 1;
	classes = {
	};
	objectVersion = 50;
	objects = {

/* Begin PBXBuildFile section */
		697BBF0A20D3A83D0097AA6C /* FCMaxOrMinLayer.m in Sources */ = {isa = PBXBuildFile; fileRef = 697BBF0920D3A83D0097AA6C /* FCMaxOrMinLayer.m */; };
		6990DCCC20D0BEDA00AE6CED /* FCChartCollectionViewCell.m in Sources */ = {isa = PBXBuildFile; fileRef = 6990DCCB20D0BEDA00AE6CED /* FCChartCollectionViewCell.m */; };
		6990DCCF20D0C02E00AE6CED /* FCChartCollectionReusableView.m in Sources */ = {isa = PBXBuildFile; fileRef = 6990DCCE20D0C02E00AE6CED /* FCChartCollectionReusableView.m */; };
		6990DCD220D101A500AE6CED /* FCChartCollectionViewFlowLayout.m in Sources */ = {isa = PBXBuildFile; fileRef = 6990DCD120D101A500AE6CED /* FCChartCollectionViewFlowLayout.m */; };
		69E2818D20CE580A0074FFD3 /* AppDelegate.m in Sources */ = {isa = PBXBuildFile; fileRef = 69E2818C20CE580A0074FFD3 /* AppDelegate.m */; };
		69E2819020CE580A0074FFD3 /* ViewController.m in Sources */ = {isa = PBXBuildFile; fileRef = 69E2818F20CE580A0074FFD3 /* ViewController.m */; };
		69E2819320CE580A0074FFD3 /* Main.storyboard in Resources */ = {isa = PBXBuildFile; fileRef = 69E2819120CE580A0074FFD3 /* Main.storyboard */; };
		69E2819520CE580B0074FFD3 /* Assets.xcassets in Resources */ = {isa = PBXBuildFile; fileRef = 69E2819420CE580B0074FFD3 /* Assets.xcassets */; };
		69E2819820CE580B0074FFD3 /* LaunchScreen.storyboard in Resources */ = {isa = PBXBuildFile; fileRef = 69E2819620CE580B0074FFD3 /* LaunchScreen.storyboard */; };
		69E2819B20CE580B0074FFD3 /* main.m in Sources */ = {isa = PBXBuildFile; fileRef = 69E2819A20CE580B0074FFD3 /* main.m */; };
		69E281A320CF5EDA0074FFD3 /* FCChartView.m in Sources */ = {isa = PBXBuildFile; fileRef = 69E281A220CF5EDA0074FFD3 /* FCChartView.m */; };
/* End PBXBuildFile section */

/* Begin PBXFileReference section */
		697BBF0820D3A83D0097AA6C /* FCMaxOrMinLayer.h */ = {isa = PBXFileReference; lastKnownFileType = sourcecode.c.h; path = FCMaxOrMinLayer.h; sourceTree = "<group>"; };
		697BBF0920D3A83D0097AA6C /* FCMaxOrMinLayer.m */ = {isa = PBXFileReference; lastKnownFileType = sourcecode.c.objc; path = FCMaxOrMinLayer.m; sourceTree = "<group>"; };
		6990DCCA20D0BEDA00AE6CED /* FCChartCollectionViewCell.h */ = {isa = PBXFileReference; lastKnownFileType = sourcecode.c.h; path = FCChartCollectionViewCell.h; sourceTree = "<group>"; };
		6990DCCB20D0BEDA00AE6CED /* FCChartCollectionViewCell.m */ = {isa = PBXFileReference; lastKnownFileType = sourcecode.c.objc; path = FCChartCollectionViewCell.m; sourceTree = "<group>"; };
		6990DCCD20D0C02E00AE6CED /* FCChartCollectionReusableView.h */ = {isa = PBXFileReference; lastKnownFileType = sourcecode.c.h; path = FCChartCollectionReusableView.h; sourceTree = "<group>"; };
		6990DCCE20D0C02E00AE6CED /* FCChartCollectionReusableView.m */ = {isa = PBXFileReference; lastKnownFileType = sourcecode.c.objc; path = FCChartCollectionReusableView.m; sourceTree = "<group>"; };
		6990DCD020D101A500AE6CED /* FCChartCollectionViewFlowLayout.h */ = {isa = PBXFileReference; lastKnownFileType = sourcecode.c.h; path = FCChartCollectionViewFlowLayout.h; sourceTree = "<group>"; };
		6990DCD120D101A500AE6CED /* FCChartCollectionViewFlowLayout.m */ = {isa = PBXFileReference; lastKnownFileType = sourcecode.c.objc; path = FCChartCollectionViewFlowLayout.m; sourceTree = "<group>"; };
		69E2818820CE580A0074FFD3 /* ZSXFirstChartDemo.app */ = {isa = PBXFileReference; explicitFileType = wrapper.application; includeInIndex = 0; path = ZSXFirstChartDemo.app; sourceTree = BUILT_PRODUCTS_DIR; };
		69E2818B20CE580A0074FFD3 /* AppDelegate.h */ = {isa = PBXFileReference; lastKnownFileType = sourcecode.c.h; path = AppDelegate.h; sourceTree = "<group>"; };
		69E2818C20CE580A0074FFD3 /* AppDelegate.m */ = {isa = PBXFileReference; lastKnownFileType = sourcecode.c.objc; path = AppDelegate.m; sourceTree = "<group>"; };
		69E2818E20CE580A0074FFD3 /* ViewController.h */ = {isa = PBXFileReference; lastKnownFileType = sourcecode.c.h; path = ViewController.h; sourceTree = "<group>"; };
		69E2818F20CE580A0074FFD3 /* ViewController.m */ = {isa = PBXFileReference; lastKnownFileType = sourcecode.c.objc; path = ViewController.m; sourceTree = "<group>"; };
		69E2819220CE580A0074FFD3 /* Base */ = {isa = PBXFileReference; lastKnownFileType = file.storyboard; name = Base; path = Base.lproj/Main.storyboard; sourceTree = "<group>"; };
		69E2819420CE580B0074FFD3 /* Assets.xcassets */ = {isa = PBXFileReference; lastKnownFileType = folder.assetcatalog; path = Assets.xcassets; sourceTree = "<group>"; };
		69E2819720CE580B0074FFD3 /* Base */ = {isa = PBXFileReference; lastKnownFileType = file.storyboard; name = Base; path = Base.lproj/LaunchScreen.storyboard; sourceTree = "<group>"; };
		69E2819920CE580B0074FFD3 /* Info.plist */ = {isa = PBXFileReference; lastKnownFileType = text.plist.xml; path = Info.plist; sourceTree = "<group>"; };
		69E2819A20CE580B0074FFD3 /* main.m */ = {isa = PBXFileReference; lastKnownFileType = sourcecode.c.objc; path = main.m; sourceTree = "<group>"; };
		69E281A120CF5EDA0074FFD3 /* FCChartView.h */ = {isa = PBXFileReference; lastKnownFileType = sourcecode.c.h; path = FCChartView.h; sourceTree = "<group>"; };
		69E281A220CF5EDA0074FFD3 /* FCChartView.m */ = {isa = PBXFileReference; lastKnownFileType = sourcecode.c.objc; path = FCChartView.m; sourceTree = "<group>"; };
/* End PBXFileReference section */

/* Begin PBXFrameworksBuildPhase section */
		69E2818520CE580A0074FFD3 /* Frameworks */ = {
			isa = PBXFrameworksBuildPhase;
			buildActionMask = 2147483647;
			files = (
			);
			runOnlyForDeploymentPostprocessing = 0;
		};
/* End PBXFrameworksBuildPhase section */

/* Begin PBXGroup section */
		69E2817F20CE580A0074FFD3 = {
			isa = PBXGroup;
			children = (
				69E2818A20CE580A0074FFD3 /* ZSXFirstChartDemo */,
				69E2818920CE580A0074FFD3 /* Products */,
			);
			sourceTree = "<group>";
		};
		69E2818920CE580A0074FFD3 /* Products */ = {
			isa = PBXGroup;
			children = (
				69E2818820CE580A0074FFD3 /* ZSXFirstChartDemo.app */,
			);
			name = Products;
			sourceTree = "<group>";
		};
		69E2818A20CE580A0074FFD3 /* ZSXFirstChartDemo */ = {
			isa = PBXGroup;
			children = (
				69E2818B20CE580A0074FFD3 /* AppDelegate.h */,
				69E2818C20CE580A0074FFD3 /* AppDelegate.m */,
				69E2818E20CE580A0074FFD3 /* ViewController.h */,
				69E2818F20CE580A0074FFD3 /* ViewController.m */,
				69E281A120CF5EDA0074FFD3 /* FCChartView.h */,
				69E281A220CF5EDA0074FFD3 /* FCChartView.m */,
				6990DCD020D101A500AE6CED /* FCChartCollectionViewFlowLayout.h */,
				6990DCD120D101A500AE6CED /* FCChartCollectionViewFlowLayout.m */,
				6990DCCA20D0BEDA00AE6CED /* FCChartCollectionViewCell.h */,
				6990DCCB20D0BEDA00AE6CED /* FCChartCollectionViewCell.m */,
				6990DCCD20D0C02E00AE6CED /* FCChartCollectionReusableView.h */,
				6990DCCE20D0C02E00AE6CED /* FCChartCollectionReusableView.m */,
				697BBF0820D3A83D0097AA6C /* FCMaxOrMinLayer.h */,
				697BBF0920D3A83D0097AA6C /* FCMaxOrMinLayer.m */,
				69E2819120CE580A0074FFD3 /* Main.storyboard */,
				69E2819420CE580B0074FFD3 /* Assets.xcassets */,
				69E2819620CE580B0074FFD3 /* LaunchScreen.storyboard */,
				69E2819920CE580B0074FFD3 /* Info.plist */,
				69E2819A20CE580B0074FFD3 /* main.m */,
			);
			path = ZSXFirstChartDemo;
			sourceTree = "<group>";
		};
/* End PBXGroup section */

/* Begin PBXNativeTarget section */
		69E2818720CE580A0074FFD3 /* ZSXFirstChartDemo */ = {
			isa = PBXNativeTarget;
			buildConfigurationList = 69E2819E20CE580B0074FFD3 /* Build configuration list for PBXNativeTarget "ZSXFirstChartDemo" */;
			buildPhases = (
				69E2818420CE580A0074FFD3 /* Sources */,
				69E2818520CE580A0074FFD3 /* Frameworks */,
				69E2818620CE580A0074FFD3 /* Resources */,
			);
			buildRules = (
			);
			dependencies = (
			);
			name = ZSXFirstChartDemo;
			productName = ZSXFirstChartDemo;
			productReference = 69E2818820CE580A0074FFD3 /* ZSXFirstChartDemo.app */;
			productType = "com.apple.product-type.application";
		};
/* End PBXNativeTarget section */

/* Begin PBXProject section */
		69E2818020CE580A0074FFD3 /* Project object */ = {
			isa = PBXProject;
			attributes = {
				LastUpgradeCheck = 0930;
				ORGANIZATIONNAME = zoushixin;
				TargetAttributes = {
					69E2818720CE580A0074FFD3 = {
						CreatedOnToolsVersion = 9.3.1;
					};
				};
			};
			buildConfigurationList = 69E2818320CE580A0074FFD3 /* Build configuration list for PBXProject "ZSXFirstChartDemo" */;
			compatibilityVersion = "Xcode 9.3";
			developmentRegion = en;
			hasScannedForEncodings = 0;
			knownRegions = (
				en,
				Base,
			);
			mainGroup = 69E2817F20CE580A0074FFD3;
			productRefGroup = 69E2818920CE580A0074FFD3 /* Products */;
			projectDirPath = "";
			projectRoot = "";
			targets = (
				69E2818720CE580A0074FFD3 /* ZSXFirstChartDemo */,
			);
		};
/* End PBXProject section */

/* Begin PBXResourcesBuildPhase section */
		69E2818620CE580A0074FFD3 /* Resources */ = {
			isa = PBXResourcesBuildPhase;
			buildActionMask = 2147483647;
			files = (
				69E2819820CE580B0074FFD3 /* LaunchScreen.storyboard in Resources */,
				69E2819520CE580B0074FFD3 /* Assets.xcassets in Resources */,
				69E2819320CE580A0074FFD3 /* Main.storyboard in Resources */,
			);
			runOnlyForDeploymentPostprocessing = 0;
		};
/* End PBXResourcesBuildPhase section */

/* Begin PBXSourcesBuildPhase section */
		69E2818420CE580A0074FFD3 /* Sources */ = {
			isa = PBXSourcesBuildPhase;
			buildActionMask = 2147483647;
			files = (
				697BBF0A20D3A83D0097AA6C /* FCMaxOrMinLayer.m in Sources */,
				6990DCD220D101A500AE6CED /* FCChartCollectionViewFlowLayout.m in Sources */,
				6990DCCC20D0BEDA00AE6CED /* FCChartCollectionViewCell.m in Sources */,
				69E2819020CE580A0074FFD3 /* ViewController.m in Sources */,
				69E2819B20CE580B0074FFD3 /* main.m in Sources */,
				6990DCCF20D0C02E00AE6CED /* FCChartCollectionReusableView.m in Sources */,
				69E281A320CF5EDA0074FFD3 /* FCChartView.m in Sources */,
				69E2818D20CE580A0074FFD3 /* AppDelegate.m in Sources */,
			);
			runOnlyForDeploymentPostprocessing = 0;
		};
/* End PBXSourcesBuildPhase section */

/* Begin PBXVariantGroup section */
		69E2819120CE580A0074FFD3 /* Main.storyboard */ = {
			isa = PBXVariantGroup;
			children = (
				69E2819220CE580A0074FFD3 /* Base */,
			);
			name = Main.storyboard;
			sourceTree = "<group>";
		};
		69E2819620CE580B0074FFD3 /* LaunchScreen.storyboard */ = {
			isa = PBXVariantGroup;
			children = (
				69E2819720CE580B0074FFD3 /* Base */,
			);
			name = LaunchScreen.storyboard;
			sourceTree = "<group>";
		};
/* End PBXVariantGroup section */

/* Begin XCBuildConfiguration section */
		69E2819C20CE580B0074FFD3 /* Debug */ = {
			isa = XCBuildConfiguration;
			buildSettings = {
				ALWAYS_SEARCH_USER_PATHS = NO;
				CLANG_ANALYZER_NONNULL = YES;
				CLANG_ANALYZER_NUMBER_OBJECT_CONVERSION = YES_AGGRESSIVE;
				CLANG_CXX_LANGUAGE_STANDARD = "gnu++14";
				CLANG_CXX_LIBRARY = "libc++";
				CLANG_ENABLE_MODULES = YES;
				CLANG_ENABLE_OBJC_ARC = YES;
				CLANG_ENABLE_OBJC_WEAK = YES;
				CLANG_WARN_BLOCK_CAPTURE_AUTORELEASING = YES;
				CLANG_WARN_BOOL_CONVERSION = YES;
				CLANG_WARN_COMMA = YES;
				CLANG_WARN_CONSTANT_CONVERSION = YES;
				CLANG_WARN_DEPRECATED_OBJC_IMPLEMENTATIONS = YES;
				CLANG_WARN_DIRECT_OBJC_ISA_USAGE = YES_ERROR;
				CLANG_WARN_DOCUMENTATION_COMMENTS = YES;
				CLANG_WARN_EMPTY_BODY = YES;
				CLANG_WARN_ENUM_CONVERSION = YES;
				CLANG_WARN_INFINITE_RECURSION = YES;
				CLANG_WARN_INT_CONVERSION = YES;
				CLANG_WARN_NON_LITERAL_NULL_CONVERSION = YES;
				CLANG_WARN_OBJC_IMPLICIT_RETAIN_SELF = YES;
				CLANG_WARN_OBJC_LITERAL_CONVERSION = YES;
				CLANG_WARN_OBJC_ROOT_CLASS = YES_ERROR;
				CLANG_WARN_RANGE_LOOP_ANALYSIS = YES;
				CLANG_WARN_STRICT_PROTOTYPES = YES;
				CLANG_WARN_SUSPICIOUS_MOVE = YES;
				CLANG_WARN_UNGUARDED_AVAILABILITY = YES_AGGRESSIVE;
				CLANG_WARN_UNREACHABLE_CODE = YES;
				CLANG_WARN__DUPLICATE_METHOD_MATCH = YES;
				CODE_SIGN_IDENTITY = "iPhone Developer";
				COPY_PHASE_STRIP = NO;
				DEBUG_INFORMATION_FORMAT = dwarf;
				ENABLE_STRICT_OBJC_MSGSEND = YES;
				ENABLE_TESTABILITY = YES;
				GCC_C_LANGUAGE_STANDARD = gnu11;
				GCC_DYNAMIC_NO_PIC = NO;
				GCC_NO_COMMON_BLOCKS = YES;
				GCC_OPTIMIZATION_LEVEL = 0;
				GCC_PREPROCESSOR_DEFINITIONS = (
					"DEBUG=1",
					"$(inherited)",
				);
				GCC_WARN_64_TO_32_BIT_CONVERSION = YES;
				GCC_WARN_ABOUT_RETURN_TYPE = YES_ERROR;
				GCC_WARN_UNDECLARED_SELECTOR = YES;
				GCC_WARN_UNINITIALIZED_AUTOS = YES_AGGRESSIVE;
				GCC_WARN_UNUSED_FUNCTION = YES;
				GCC_WARN_UNUSED_VARIABLE = YES;
				IPHONEOS_DEPLOYMENT_TARGET = 11.3;
				MTL_ENABLE_DEBUG_INFO = YES;
				ONLY_ACTIVE_ARCH = YES;
				SDKROOT = iphoneos;
			};
			name = Debug;
		};
		69E2819D20CE580B0074FFD3 /* Release */ = {
			isa = XCBuildConfiguration;
			buildSettings = {
				ALWAYS_SEARCH_USER_PATHS = NO;
				CLANG_ANALYZER_NONNULL = YES;
				CLANG_ANALYZER_NUMBER_OBJECT_CONVERSION = YES_AGGRESSIVE;
				CLANG_CXX_LANGUAGE_STANDARD = "gnu++14";
				CLANG_CXX_LIBRARY = "libc++";
				CLANG_ENABLE_MODULES = YES;
				CLANG_ENABLE_OBJC_ARC = YES;
				CLANG_ENABLE_OBJC_WEAK = YES;
				CLANG_WARN_BLOCK_CAPTURE_AUTORELEASING = YES;
				CLANG_WARN_BOOL_CONVERSION = YES;
				CLANG_WARN_COMMA = YES;
				CLANG_WARN_CONSTANT_CONVERSION = YES;
				CLANG_WARN_DEPRECATED_OBJC_IMPLEMENTATIONS = YES;
				CLANG_WARN_DIRECT_OBJC_ISA_USAGE = YES_ERROR;
				CLANG_WARN_DOCUMENTATION_COMMENTS = YES;
				CLANG_WARN_EMPTY_BODY = YES;
				CLANG_WARN_ENUM_CONVERSION = YES;
				CLANG_WARN_INFINITE_RECURSION = YES;
				CLANG_WARN_INT_CONVERSION = YES;
				CLANG_WARN_NON_LITERAL_NULL_CONVERSION = YES;
				CLANG_WARN_OBJC_IMPLICIT_RETAIN_SELF = YES;
				CLANG_WARN_OBJC_LITERAL_CONVERSION = YES;
				CLANG_WARN_OBJC_ROOT_CLASS = YES_ERROR;
				CLANG_WARN_RANGE_LOOP_ANALYSIS = YES;
				CLANG_WARN_STRICT_PROTOTYPES = YES;
				CLANG_WARN_SUSPICIOUS_MOVE = YES;
				CLANG_WARN_UNGUARDED_AVAILABILITY = YES_AGGRESSIVE;
				CLANG_WARN_UNREACHABLE_CODE = YES;
				CLANG_WARN__DUPLICATE_METHOD_MATCH = YES;
				CODE_SIGN_IDENTITY = "iPhone Developer";
				COPY_PHASE_STRIP = NO;
				DEBUG_INFORMATION_FORMAT = "dwarf-with-dsym";
				ENABLE_NS_ASSERTIONS = NO;
				ENABLE_STRICT_OBJC_MSGSEND = YES;
				GCC_C_LANGUAGE_STANDARD = gnu11;
				GCC_NO_COMMON_BLOCKS = YES;
				GCC_WARN_64_TO_32_BIT_CONVERSION = YES;
				GCC_WARN_ABOUT_RETURN_TYPE = YES_ERROR;
				GCC_WARN_UNDECLARED_SELECTOR = YES;
				GCC_WARN_UNINITIALIZED_AUTOS = YES_AGGRESSIVE;
				GCC_WARN_UNUSED_FUNCTION = YES;
				GCC_WARN_UNUSED_VARIABLE = YES;
				IPHONEOS_DEPLOYMENT_TARGET = 11.3;
				MTL_ENABLE_DEBUG_INFO = NO;
				SDKROOT = iphoneos;
				VALIDATE_PRODUCT = YES;
			};
			name = Release;
		};
		69E2819F20CE580B0074FFD3 /* Debug */ = {
			isa = XCBuildConfiguration;
			buildSettings = {
				ASSETCATALOG_COMPILER_APPICON_NAME = AppIcon;
				CODE_SIGN_STYLE = Automatic;
				DEVELOPMENT_TEAM = JX333254R3;
				INFOPLIST_FILE = ZSXFirstChartDemo/Info.plist;
				IPHONEOS_DEPLOYMENT_TARGET = 9.0;
				LD_RUNPATH_SEARCH_PATHS = (
					"$(inherited)",
					"@executable_path/Frameworks",
				);
				PRODUCT_BUNDLE_IDENTIFIER = com.jike.ZSXFirstChartDemo;
				PRODUCT_NAME = "$(TARGET_NAME)";
				TARGETED_DEVICE_FAMILY = "1,2";
			};
			name = Debug;
		};
		69E281A020CE580B0074FFD3 /* Release */ = {
			isa = XCBuildConfiguration;
			buildSettings = {
				ASSETCATALOG_COMPILER_APPICON_NAME = AppIcon;
				CODE_SIGN_STYLE = Automatic;
				DEVELOPMENT_TEAM = JX333254R3;
				INFOPLIST_FILE = ZSXFirstChartDemo/Info.plist;
				IPHONEOS_DEPLOYMENT_TARGET = 9.0;
				LD_RUNPATH_SEARCH_PATHS = (
					"$(inherited)",
					"@executable_path/Frameworks",
				);
				PRODUCT_BUNDLE_IDENTIFIER = com.jike.ZSXFirstChartDemo;
				PRODUCT_NAME = "$(TARGET_NAME)";
				TARGETED_DEVICE_FAMILY = "1,2";
			};
			name = Release;
		};
/* End XCBuildConfiguration section */

/* Begin XCConfigurationList section */
		69E2818320CE580A0074FFD3 /* Build configuration list for PBXProject "ZSXFirstChartDemo" */ = {
			isa = XCConfigurationList;
			buildConfigurations = (
				69E2819C20CE580B0074FFD3 /* Debug */,
				69E2819D20CE580B0074FFD3 /* Release */,
			);
			defaultConfigurationIsVisible = 0;
			defaultConfigurationName = Release;
		};
		69E2819E20CE580B0074FFD3 /* Build configuration list for PBXNativeTarget "ZSXFirstChartDemo" */ = {
			isa = XCConfigurationList;
			buildConfigurations = (
				69E2819F20CE580B0074FFD3 /* Debug */,
				69E281A020CE580B0074FFD3 /* Release */,
			);
			defaultConfigurationIsVisible = 0;
			defaultConfigurationName = Release;
		};
/* End XCConfigurationList section */
	};
	rootObject = 69E2818020CE580A0074FFD3 /* Project object */;
}
